
Microsoft Visual Studio Solution File, Format Version 12.00
# Visual Studio 15
VisualStudioVersion = 15.0.28307.136
MinimumVisualStudioVersion = 10.0.40219.1
Project("{FAE04EC0-301F-11D3-BF4B-00C04F79EFBC}") = "DDA-2019S2-LWG-FleetManager", "DDA-2019S2-LWG-FleetManager\DDA-2019S2-LWG-FleetManager.csproj", "{A8E3DEE5-FEC4-4B4E-BC38-587891AA517D}"
EndProject
Global
	GlobalSection(SolutionConfigurationPlatforms) = preSolution
		Debug|Any CPU = Debug|Any CPU
		Release|Any CPU = Release|Any CPU
	EndGlobalSection
	GlobalSection(ProjectConfigurationPlatforms) = postSolution
		{A8E3DEE5-FEC4-4B4E-BC38-587891AA517D}.Debug|Any CPU.ActiveCfg = Debug|Any CPU
		{A8E3DEE5-FEC4-4B4E-BC38-587891AA517D}.Debug|Any CPU.Build.0 = Debug|Any CPU
		{A8E3DEE5-FEC4-4B4E-BC38-587891AA517D}.Release|Any CPU.ActiveCfg = Release|Any CPU
		{A8E3DEE5-FEC4-4B4E-BC38-587891AA517D}.Release|Any CPU.Build.0 = Release|Any CPU
	EndGlobalSection
	GlobalSection(SolutionProperties) = preSolution
		HideSolutionNode = FALSE
	EndGlobalSection
	GlobalSection(ExtensibilityGlobals) = postSolution
		SolutionGuid = {34FF2647-88D9-4610-8D6B-0D5E8E0B66CB}
	EndGlobalSection
EndGlobal
